Microsoft Visual Studio Solution File, Format Version 12.00
# Visual Studio Version 17
VisualStudioVersion = 17.0.31903.59
MinimumVisualStudioVersion = 10.0.40219.1
Project("{FAE04EC0-301F-11D3-BF4B-00C04F79EFBC}") = "SpinFourKay.Core", "src\SpinFourKay.Core\SpinFourKay.Core.csproj", "{02D3EB6F-B909-4E92-9DAE-98271390462B}"
EndProject
Project("{FAE04EC0-301F-11D3-BF4B-00C04F79EFBC}") = "SpinFourKay.App", "src\SpinFourKay.App\SpinFourKay.App.csproj", "{3A78D06E-E5C2-4999-B2A9-7148669D5544}"
EndProject
Project("{FAE04EC0-301F-11D3-BF4B-00C04F79EFBC}") = "SpinFourKay.SelfTest", "src\SpinFourKay.SelfTest\SpinFourKay.SelfTest.csproj", "{2B61D4AD-041B-46E9-BCBF-8166B5DF5D68}"
EndProject
Global
	GlobalSection(SolutionConfigurationPlatforms) = preSolution
		Debug|Any CPU = Debug|Any CPU
		Release|Any CPU = Release|Any CPU
	EndGlobalSection
	GlobalSection(ProjectConfigurationPlatforms) = postSolution
		{02D3EB6F-B909-4E92-9DAE-98271390462B}.Debug|Any CPU.ActiveCfg = Debug|Any CPU
		{02D3EB6F-B909-4E92-9DAE-98271390462B}.Debug|Any CPU.Build.0 = Debug|Any CPU
		{02D3EB6F-B909-4E92-9DAE-98271390462B}.Release|Any CPU.ActiveCfg = Release|Any CPU
		{02D3EB6F-B909-4E92-9DAE-98271390462B}.Release|Any CPU.Build.0 = Release|Any CPU
		{3A78D06E-E5C2-4999-B2A9-7148669D5544}.Debug|Any CPU.ActiveCfg = Debug|Any CPU
		{3A78D06E-E5C2-4999-B2A9-7148669D5544}.Debug|Any CPU.Build.0 = Debug|Any CPU
		{3A78D06E-E5C2-4999-B2A9-7148669D5544}.Release|Any CPU.ActiveCfg = Release|Any CPU
		{3A78D06E-E5C2-4999-B2A9-7148669D5544}.Release|Any CPU.Build.0 = Release|Any CPU
		{2B61D4AD-041B-46E9-BCBF-8166B5DF5D68}.Debug|Any CPU.ActiveCfg = Debug|Any CPU
		{2B61D4AD-041B-46E9-BCBF-8166B5DF5D68}.Debug|Any CPU.Build.0 = Debug|Any CPU
		{2B61D4AD-041B-46E9-BCBF-8166B5DF5D68}.Release|Any CPU.ActiveCfg = Release|Any CPU
		{2B61D4AD-041B-46E9-BCBF-8166B5DF5D68}.Release|Any CPU.Build.0 = Release|Any CPU
	EndGlobalSection
EndGlobal
